
Microsoft Visual Studio Solution File, Format Version 12.00
# Visual Studio Version 16
VisualStudioVersion = 16.0.31624.102
MinimumVisualStudioVersion = 10.0.40219.1
Project("{FAE04EC0-301F-11D3-BF4B-00C04F79EFBC}") = "HermiteSpline", "HermiteSpline\HermiteSpline.csproj", "{7F8309FB-7D1B-4DF9-BDB3-CFFAC646D77C}"
EndProject
Project("{FAE04EC0-301F-11D3-BF4B-00C04F79EFBC}") = "MathUtilities", "MathUtilities\MathUtilities.csproj", "{F8BBCF80-846B-4DA3-8711-34E9491ECC55}"
EndProject
Global
	GlobalSection(SolutionConfigurationPlatforms) = preSolution
		Debug|Any CPU = Debug|Any CPU
		Release|Any CPU = Release|Any CPU
	EndGlobalSection
	GlobalSection(ProjectConfigurationPlatforms) = postSolution
		{7F8309FB-7D1B-4DF9-BDB3-CFFAC646D77C}.Debug|Any CPU.ActiveCfg = Debug|Any CPU
		{7F8309FB-7D1B-4DF9-BDB3-CFFAC646D77C}.Debug|Any CPU.Build.0 = Debug|Any CPU
		{7F8309FB-7D1B-4DF9-BDB3-CFFAC646D77C}.Release|Any CPU.ActiveCfg = Release|Any CPU
		{7F8309FB-7D1B-4DF9-BDB3-CFFAC646D77C}.Release|Any CPU.Build.0 = Release|Any CPU
		{F8BBCF80-846B-4DA3-8711-34E9491ECC55}.Debug|Any CPU.ActiveCfg = Debug|Any CPU
		{F8BBCF80-846B-4DA3-8711-34E9491ECC55}.Debug|Any CPU.Build.0 = Debug|Any CPU
		{F8BBCF80-846B-4DA3-8711-34E9491ECC55}.Release|Any CPU.ActiveCfg = Release|Any CPU
		{F8BBCF80-846B-4DA3-8711-34E9491ECC55}.Release|Any CPU.Build.0 = Release|Any CPU
	EndGlobalSection
	GlobalSection(SolutionProperties) = preSolution
		HideSolutionNode = FALSE
	EndGlobalSection
	GlobalSection(ExtensibilityGlobals) = postSolution
		SolutionGuid = {3103E584-BFC9-4399-8B26-DFC36329E572}
	EndGlobalSection
EndGlobal
