
Microsoft Visual Studio Solution File, Format Version 12.00
# Visual Studio Version 17
VisualStudioVersion = 17.1.32210.238
MinimumVisualStudioVersion = 10.0.40219.1
Project("{9A19103F-16F7-4668-BE54-9A1E7A4F7556}") = "GravityGradiometry", "GravityGradiometry\GravityGradiometry.csproj", "{53DD49A7-1B24-4B7E-91A1-0D6D03AED210}"
EndProject
Project("{2150E333-8FDC-42A3-9474-1A3956D46DE8}") = "Solution Items", "Solution Items", "{EA2952F4-F3C6-48C3-BF0D-D9C29B6F2C74}"
	ProjectSection(SolutionItems) = preProject
		.editorconfig = .editorconfig
	EndProjectSection
EndProject
Project("{9A19103F-16F7-4668-BE54-9A1E7A4F7556}") = "ConsoleApp", "ConsoleApp\ConsoleApp.csproj", "{28D7E33A-8BD0-4B5B-B11C-5B87662BC496}"
EndProject
Project("{9A19103F-16F7-4668-BE54-9A1E7A4F7556}") = "UI", "UI\UI.csproj", "{885FE190-89A3-43B0-AC62-4FC63CAB0D06}"
EndProject
Global
	GlobalSection(SolutionConfigurationPlatforms) = preSolution
		Debug|Any CPU = Debug|Any CPU
		Debug|x64 = Debug|x64
		Debug|x86 = Debug|x86
		Release|Any CPU = Release|Any CPU
		Release|x64 = Release|x64
		Release|x86 = Release|x86
	EndGlobalSection
	GlobalSection(ProjectConfigurationPlatforms) = postSolution
		{53DD49A7-1B24-4B7E-91A1-0D6D03AED210}.Debug|Any CPU.ActiveCfg = Debug|Any CPU
		{53DD49A7-1B24-4B7E-91A1-0D6D03AED210}.Debug|Any CPU.Build.0 = Debug|Any CPU
		{53DD49A7-1B24-4B7E-91A1-0D6D03AED210}.Debug|x64.ActiveCfg = Debug|Any CPU
		{53DD49A7-1B24-4B7E-91A1-0D6D03AED210}.Debug|x64.Build.0 = Debug|Any CPU
		{53DD49A7-1B24-4B7E-91A1-0D6D03AED210}.Debug|x86.ActiveCfg = Debug|Any CPU
		{53DD49A7-1B24-4B7E-91A1-0D6D03AED210}.Debug|x86.Build.0 = Debug|Any CPU
		{53DD49A7-1B24-4B7E-91A1-0D6D03AED210}.Release|Any CPU.ActiveCfg = Release|Any CPU
		{53DD49A7-1B24-4B7E-91A1-0D6D03AED210}.Release|Any CPU.Build.0 = Release|Any CPU
		{53DD49A7-1B24-4B7E-91A1-0D6D03AED210}.Release|x64.ActiveCfg = Release|Any CPU
		{53DD49A7-1B24-4B7E-91A1-0D6D03AED210}.Release|x64.Build.0 = Release|Any CPU
		{53DD49A7-1B24-4B7E-91A1-0D6D03AED210}.Release|x86.ActiveCfg = Release|Any CPU
		{53DD49A7-1B24-4B7E-91A1-0D6D03AED210}.Release|x86.Build.0 = Release|Any CPU
		{28D7E33A-8BD0-4B5B-B11C-5B87662BC496}.Debug|Any CPU.ActiveCfg = Debug|Any CPU
		{28D7E33A-8BD0-4B5B-B11C-5B87662BC496}.Debug|Any CPU.Build.0 = Debug|Any CPU
		{28D7E33A-8BD0-4B5B-B11C-5B87662BC496}.Debug|x64.ActiveCfg = Debug|Any CPU
		{28D7E33A-8BD0-4B5B-B11C-5B87662BC496}.Debug|x64.Build.0 = Debug|Any CPU
		{28D7E33A-8BD0-4B5B-B11C-5B87662BC496}.Debug|x86.ActiveCfg = Debug|Any CPU
		{28D7E33A-8BD0-4B5B-B11C-5B87662BC496}.Debug|x86.Build.0 = Debug|Any CPU
		{28D7E33A-8BD0-4B5B-B11C-5B87662BC496}.Release|Any CPU.ActiveCfg = Release|Any CPU
		{28D7E33A-8BD0-4B5B-B11C-5B87662BC496}.Release|Any CPU.Build.0 = Release|Any CPU
		{28D7E33A-8BD0-4B5B-B11C-5B87662BC496}.Release|x64.ActiveCfg = Release|Any CPU
		{28D7E33A-8BD0-4B5B-B11C-5B87662BC496}.Release|x64.Build.0 = Release|Any CPU
		{28D7E33A-8BD0-4B5B-B11C-5B87662BC496}.Release|x86.ActiveCfg = Release|Any CPU
		{28D7E33A-8BD0-4B5B-B11C-5B87662BC496}.Release|x86.Build.0 = Release|Any CPU
		{885FE190-89A3-43B0-AC62-4FC63CAB0D06}.Debug|Any CPU.ActiveCfg = Debug|Any CPU
		{885FE190-89A3-43B0-AC62-4FC63CAB0D06}.Debug|Any CPU.Build.0 = Debug|Any CPU
		{885FE190-89A3-43B0-AC62-4FC63CAB0D06}.Debug|x64.ActiveCfg = Debug|Any CPU
		{885FE190-89A3-43B0-AC62-4FC63CAB0D06}.Debug|x64.Build.0 = Debug|Any CPU
		{885FE190-89A3-43B0-AC62-4FC63CAB0D06}.Debug|x86.ActiveCfg = Debug|Any CPU
		{885FE190-89A3-43B0-AC62-4FC63CAB0D06}.Debug|x86.Build.0 = Debug|Any CPU
		{885FE190-89A3-43B0-AC62-4FC63CAB0D06}.Release|Any CPU.ActiveCfg = Release|Any CPU
		{885FE190-89A3-43B0-AC62-4FC63CAB0D06}.Release|Any CPU.Build.0 = Release|Any CPU
		{885FE190-89A3-43B0-AC62-4FC63CAB0D06}.Release|x64.ActiveCfg = Release|Any CPU
		{885FE190-89A3-43B0-AC62-4FC63CAB0D06}.Release|x64.Build.0 = Release|Any CPU
		{885FE190-89A3-43B0-AC62-4FC63CAB0D06}.Release|x86.ActiveCfg = Release|Any CPU
		{885FE190-89A3-43B0-AC62-4FC63CAB0D06}.Release|x86.Build.0 = Release|Any CPU
	EndGlobalSection
	GlobalSection(SolutionProperties) = preSolution
		HideSolutionNode = FALSE
	EndGlobalSection
	GlobalSection(ExtensibilityGlobals) = postSolution
		SolutionGuid = {E02C5A7F-4153-43B7-8735-EADA83132701}
	EndGlobalSection
EndGlobal
